// !$*UTF8*$!
{
	archiveVersion = 1;
	classes = {
	};
	objectVersion = 56;
	objects = {

/* Begin PBXBuildFile section */
		0AF314692ACDAE7900BD4081 /* AppDelegate.swift in Sources */ = {isa = PBXBuildFile; fileRef = 0AF314682ACDAE7900BD4081 /* AppDelegate.swift */; };
		0AF3146B2ACDAE7900BD4081 /* SceneDelegate.swift in Sources */ = {isa = PBXBuildFile; fileRef = 0AF3146A2ACDAE7900BD4081 /* SceneDelegate.swift */; };
		0AF314722ACDAE7C00BD4081 /* Assets.xcassets in Resources */ = {isa = PBXBuildFile; fileRef = 0AF314712ACDAE7C00BD4081 /* Assets.xcassets */; };
		0AF314752ACDAE7C00BD4081 /* LaunchScreen.storyboard in Resources */ = {isa = PBXBuildFile; fileRef = 0AF314732ACDAE7C00BD4081 /* LaunchScreen.storyboard */; };
		0AF314802ACDAE7C00BD4081 /* YouTubeFeedCloneTests.swift in Sources */ = {isa = PBXBuildFile; fileRef = 0AF3147F2ACDAE7C00BD4081 /* YouTubeFeedCloneTests.swift */; };
		0AF3148A2ACDAE7C00BD4081 /* YouTubeFeedCloneUITests.swift in Sources */ = {isa = PBXBuildFile; fileRef = 0AF314892ACDAE7C00BD4081 /* YouTubeFeedCloneUITests.swift */; };
		0AF3148C2ACDAE7C00BD4081 /* YouTubeFeedCloneUITestsLaunchTests.swift in Sources */ = {isa = PBXBuildFile; fileRef = 0AF3148B2ACDAE7C00BD4081 /* YouTubeFeedCloneUITestsLaunchTests.swift */; };
		0AF314B52ACDB2D100BD4081 /* ApplicationCoordinator.swift in Sources */ = {isa = PBXBuildFile; fileRef = 0AF314B32ACDB2D100BD4081 /* ApplicationCoordinator.swift */; };
		0AF314B62ACDB2D100BD4081 /* Coordinator.swift in Sources */ = {isa = PBXBuildFile; fileRef = 0AF314B42ACDB2D100BD4081 /* Coordinator.swift */; };
		0AF314B92ACDB2D900BD4081 /* StateCoordinator.swift in Sources */ = {isa = PBXBuildFile; fileRef = 0AF314B72ACDB2D800BD4081 /* StateCoordinator.swift */; };
		0AF314BA2ACDB2D900BD4081 /* InAppCoordinator.swift in Sources */ = {isa = PBXBuildFile; fileRef = 0AF314B82ACDB2D900BD4081 /* InAppCoordinator.swift */; };
		0AF314BF2ACDB30700BD4081 /* YouTubeFeedViewController.swift in Sources */ = {isa = PBXBuildFile; fileRef = 0AF314BE2ACDB30700BD4081 /* YouTubeFeedViewController.swift */; };
		0AF314C22ACDB31A00BD4081 /* YouTubeFeedViewModel.swift in Sources */ = {isa = PBXBuildFile; fileRef = 0AF314C12ACDB31A00BD4081 /* YouTubeFeedViewModel.swift */; };
		0AF314C52ACDB3F400BD4081 /* APIService.swift in Sources */ = {isa = PBXBuildFile; fileRef = 0AF314C42ACDB3F400BD4081 /* APIService.swift */; };
		0AF314C82ACDB58100BD4081 /* ContentStateViewController.swift in Sources */ = {isa = PBXBuildFile; fileRef = 0AF314C72ACDB58100BD4081 /* ContentStateViewController.swift */; };
		0AF314CC2ACDB59C00BD4081 /* YouTubeCloneError.swift in Sources */ = {isa = PBXBuildFile; fileRef = 0AF314CA2ACDB59C00BD4081 /* YouTubeCloneError.swift */; };
		0AF314CD2ACDB59C00BD4081 /* Colors.swift in Sources */ = {isa = PBXBuildFile; fileRef = 0AF314CB2ACDB59C00BD4081 /* Colors.swift */; };
		0AF314D22ACDB5F400BD4081 /* LoadingViewController.swift in Sources */ = {isa = PBXBuildFile; fileRef = 0AF314D02ACDB5F400BD4081 /* LoadingViewController.swift */; };
		0AF314D32ACDB5F400BD4081 /* LoadingView.swift in Sources */ = {isa = PBXBuildFile; fileRef = 0AF314D12ACDB5F400BD4081 /* LoadingView.swift */; };
		0AF314D62ACDB60200BD4081 /* ErrorView.swift in Sources */ = {isa = PBXBuildFile; fileRef = 0AF314D42ACDB60200BD4081 /* ErrorView.swift */; };
		0AF314D72ACDB60200BD4081 /* ErrorViewController.swift in Sources */ = {isa = PBXBuildFile; fileRef = 0AF314D52ACDB60200BD4081 /* ErrorViewController.swift */; };
		0AF314E02ACDB63500BD4081 /* String+Extensions.swift in Sources */ = {isa = PBXBuildFile; fileRef = 0AF314D92ACDB63500BD4081 /* String+Extensions.swift */; };
		0AF314E12ACDB63500BD4081 /* UIView+Extensions.swift in Sources */ = {isa = PBXBuildFile; fileRef = 0AF314DA2ACDB63500BD4081 /* UIView+Extensions.swift */; };
		0AF314E22ACDB63500BD4081 /* FileManager+Extensions.swift in Sources */ = {isa = PBXBuildFile; fileRef = 0AF314DB2ACDB63500BD4081 /* FileManager+Extensions.swift */; };
		0AF314E32ACDB63500BD4081 /* UIViewController+Extensions.swift in Sources */ = {isa = PBXBuildFile; fileRef = 0AF314DC2ACDB63500BD4081 /* UIViewController+Extensions.swift */; };
		0AF314E42ACDB63500BD4081 /* UIApplication+Extensions.swift in Sources */ = {isa = PBXBuildFile; fileRef = 0AF314DD2ACDB63500BD4081 /* UIApplication+Extensions.swift */; };
		0AF314E62ACDB63500BD4081 /* Array+Extensions.swift in Sources */ = {isa = PBXBuildFile; fileRef = 0AF314DF2ACDB63500BD4081 /* Array+Extensions.swift */; };
		0AF314E82ACDBA1100BD4081 /* YouTubeFeedContentViewController.swift in Sources */ = {isa = PBXBuildFile; fileRef = 0AF314E72ACDBA1100BD4081 /* YouTubeFeedContentViewController.swift */; };
/* End PBXBuildFile section */

/* Begin PBXContainerItemProxy section */
		0AF3147C2ACDAE7C00BD4081 /* PBXContainerItemProxy */ = {
			isa = PBXContainerItemProxy;
			containerPortal = 0AF3145D2ACDAE7900BD4081 /* Project object */;
			proxyType = 1;
			remoteGlobalIDString = 0AF314642ACDAE7900BD4081;
			remoteInfo = YouTubeFeedClone;
		};
		0AF314862ACDAE7C00BD4081 /* PBXContainerItemProxy */ = {
			isa = PBXContainerItemProxy;
			containerPortal = 0AF3145D2ACDAE7900BD4081 /* Project object */;
			proxyType = 1;
			remoteGlobalIDString = 0AF314642ACDAE7900BD4081;
			remoteInfo = YouTubeFeedClone;
		};
/* End PBXContainerItemProxy section */

/* Begin PBXFileReference section */
		0AF314652ACDAE7900BD4081 /* YouTubeFeedClone.app */ = {isa = PBXFileReference; explicitFileType = wrapper.application; includeInIndex = 0; path = YouTubeFeedClone.app; sourceTree = BUILT_PRODUCTS_DIR; };
		0AF314682ACDAE7900BD4081 /* AppDelegate.swift */ = {isa = PBXFileReference; lastKnownFileType = sourcecode.swift; path = AppDelegate.swift; sourceTree = "<group>"; };
		0AF3146A2ACDAE7900BD4081 /* SceneDelegate.swift */ = {isa = PBXFileReference; lastKnownFileType = sourcecode.swift; path = SceneDelegate.swift; sourceTree = "<group>"; };
		0AF314712ACDAE7C00BD4081 /* Assets.xcassets */ = {isa = PBXFileReference; lastKnownFileType = folder.assetcatalog; path = Assets.xcassets; sourceTree = "<group>"; };
		0AF314742ACDAE7C00BD4081 /* Base */ = {isa = PBXFileReference; lastKnownFileType = file.storyboard; name = Base; path = Base.lproj/LaunchScreen.storyboard; sourceTree = "<group>"; };
		0AF314762ACDAE7C00BD4081 /* Info.plist */ = {isa = PBXFileReference; lastKnownFileType = text.plist.xml; path = Info.plist; sourceTree = "<group>"; };
		0AF3147B2ACDAE7C00BD4081 /* YouTubeFeedCloneTests.xctest */ = {isa = PBXFileReference; explicitFileType = wrapper.cfbundle; includeInIndex = 0; path = YouTubeFeedCloneTests.xctest; sourceTree = BUILT_PRODUCTS_DIR; };
		0AF3147F2ACDAE7C00BD4081 /* YouTubeFeedCloneTests.swift */ = {isa = PBXFileReference; lastKnownFileType = sourcecode.swift; path = YouTubeFeedCloneTests.swift; sourceTree = "<group>"; };
		0AF314852ACDAE7C00BD4081 /* YouTubeFeedCloneUITests.xctest */ = {isa = PBXFileReference; explicitFileType = wrapper.cfbundle; includeInIndex = 0; path = YouTubeFeedCloneUITests.xctest; sourceTree = BUILT_PRODUCTS_DIR; };
		0AF314892ACDAE7C00BD4081 /* YouTubeFeedCloneUITests.swift */ = {isa = PBXFileReference; lastKnownFileType = sourcecode.swift; path = YouTubeFeedCloneUITests.swift; sourceTree = "<group>"; };
		0AF3148B2ACDAE7C00BD4081 /* YouTubeFeedCloneUITestsLaunchTests.swift */ = {isa = PBXFileReference; lastKnownFileType = sourcecode.swift; path = YouTubeFeedCloneUITestsLaunchTests.swift; sourceTree = "<group>"; };
		0AF314B32ACDB2D100BD4081 /* ApplicationCoordinator.swift */ = {isa = PBXFileReference; fileEncoding = 4; lastKnownFileType = sourcecode.swift; path = ApplicationCoordinator.swift; sourceTree = "<group>"; };
		0AF314B42ACDB2D100BD4081 /* Coordinator.swift */ = {isa = PBXFileReference; fileEncoding = 4; lastKnownFileType = sourcecode.swift; path = Coordinator.swift; sourceTree = "<group>"; };
		0AF314B72ACDB2D800BD4081 /* StateCoordinator.swift */ = {isa = PBXFileReference; fileEncoding = 4; lastKnownFileType = sourcecode.swift; path = StateCoordinator.swift; sourceTree = "<group>"; };
		0AF314B82ACDB2D900BD4081 /* InAppCoordinator.swift */ = {isa = PBXFileReference; fileEncoding = 4; lastKnownFileType = sourcecode.swift; path = InAppCoordinator.swift; sourceTree = "<group>"; };
		0AF314BE2ACDB30700BD4081 /* YouTubeFeedViewController.swift */ = {isa = PBXFileReference; lastKnownFileType = sourcecode.swift; path = YouTubeFeedViewController.swift; sourceTree = "<group>"; };
		0AF314C12ACDB31A00BD4081 /* YouTubeFeedViewModel.swift */ = {isa = PBXFileReference; lastKnownFileType = sourcecode.swift; path = YouTubeFeedViewModel.swift; sourceTree = "<group>"; };
		0AF314C42ACDB3F400BD4081 /* APIService.swift */ = {isa = PBXFileReference; lastKnownFileType = sourcecode.swift; path = APIService.swift; sourceTree = "<group>"; };
		0AF314C72ACDB58100BD4081 /* ContentStateViewController.swift */ = {isa = PBXFileReference; fileEncoding = 4; lastKnownFileType = sourcecode.swift; path = ContentStateViewController.swift; sourceTree = "<group>"; };
		0AF314CA2ACDB59C00BD4081 /* YouTubeCloneError.swift */ = {isa = PBXFileReference; fileEncoding = 4; lastKnownFileType = sourcecode.swift; path = YouTubeCloneError.swift; sourceTree = "<group>"; };
		0AF314CB2ACDB59C00BD4081 /* Colors.swift */ = {isa = PBXFileReference; fileEncoding = 4; lastKnownFileType = sourcecode.swift; path = Colors.swift; sourceTree = "<group>"; };
		0AF314D02ACDB5F400BD4081 /* LoadingViewController.swift */ = {isa = PBXFileReference; fileEncoding = 4; lastKnownFileType = sourcecode.swift; path = LoadingViewController.swift; sourceTree = "<group>"; };
		0AF314D12ACDB5F400BD4081 /* LoadingView.swift */ = {isa = PBXFileReference; fileEncoding = 4; lastKnownFileType = sourcecode.swift; path = LoadingView.swift; sourceTree = "<group>"; };
		0AF314D42ACDB60200BD4081 /* ErrorView.swift */ = {isa = PBXFileReference; fileEncoding = 4; lastKnownFileType = sourcecode.swift; path = ErrorView.swift; sourceTree = "<group>"; };
		0AF314D52ACDB60200BD4081 /* ErrorViewController.swift */ = {isa = PBXFileReference; fileEncoding = 4; lastKnownFileType = sourcecode.swift; path = ErrorViewController.swift; sourceTree = "<group>"; };
		0AF314D92ACDB63500BD4081 /* String+Extensions.swift */ = {isa = PBXFileReference; fileEncoding = 4; lastKnownFileType = sourcecode.swift; path = "String+Extensions.swift"; sourceTree = "<group>"; };
		0AF314DA2ACDB63500BD4081 /* UIView+Extensions.swift */ = {isa = PBXFileReference; fileEncoding = 4; lastKnownFileType = sourcecode.swift; path = "UIView+Extensions.swift"; sourceTree = "<group>"; };
		0AF314DB2ACDB63500BD4081 /* FileManager+Extensions.swift */ = {isa = PBXFileReference; fileEncoding = 4; lastKnownFileType = sourcecode.swift; path = "FileManager+Extensions.swift"; sourceTree = "<group>"; };
		0AF314DC2ACDB63500BD4081 /* UIViewController+Extensions.swift */ = {isa = PBXFileReference; fileEncoding = 4; lastKnownFileType = sourcecode.swift; path = "UIViewController+Extensions.swift"; sourceTree = "<group>"; };
		0AF314DD2ACDB63500BD4081 /* UIApplication+Extensions.swift */ = {isa = PBXFileReference; fileEncoding = 4; lastKnownFileType = sourcecode.swift; path = "UIApplication+Extensions.swift"; sourceTree = "<group>"; };
		0AF314DF2ACDB63500BD4081 /* Array+Extensions.swift */ = {isa = PBXFileReference; fileEncoding = 4; lastKnownFileType = sourcecode.swift; path = "Array+Extensions.swift"; sourceTree = "<group>"; };
		0AF314E72ACDBA1100BD4081 /* YouTubeFeedContentViewController.swift */ = {isa = PBXFileReference; lastKnownFileType = sourcecode.swift; path = YouTubeFeedContentViewController.swift; sourceTree = "<group>"; };
/* End PBXFileReference section */

/* Begin PBXFrameworksBuildPhase section */
		0AF314622ACDAE7900BD4081 /* Frameworks */ = {
			isa = PBXFrameworksBuildPhase;
			buildActionMask = 2147483647;
			files = (
			);
			runOnlyForDeploymentPostprocessing = 0;
		};
		0AF314782ACDAE7C00BD4081 /* Frameworks */ = {
			isa = PBXFrameworksBuildPhase;
			buildActionMask = 2147483647;
			files = (
			);
			runOnlyForDeploymentPostprocessing = 0;
		};
		0AF314822ACDAE7C00BD4081 /* Frameworks */ = {
			isa = PBXFrameworksBuildPhase;
			buildActionMask = 2147483647;
			files = (
			);
			runOnlyForDeploymentPostprocessing = 0;
		};
/* End PBXFrameworksBuildPhase section */

/* Begin PBXGroup section */
		0AF3145C2ACDAE7900BD4081 = {
			isa = PBXGroup;
			children = (
				0AF314672ACDAE7900BD4081 /* YouTubeFeedClone */,
				0AF3147E2ACDAE7C00BD4081 /* YouTubeFeedCloneTests */,
				0AF314882ACDAE7C00BD4081 /* YouTubeFeedCloneUITests */,
				0AF314662ACDAE7900BD4081 /* Products */,
			);
			sourceTree = "<group>";
		};
		0AF314662ACDAE7900BD4081 /* Products */ = {
			isa = PBXGroup;
			children = (
				0AF314652ACDAE7900BD4081 /* YouTubeFeedClone.app */,
				0AF3147B2ACDAE7C00BD4081 /* YouTubeFeedCloneTests.xctest */,
				0AF314852ACDAE7C00BD4081 /* YouTubeFeedCloneUITests.xctest */,
			);
			name = Products;
			sourceTree = "<group>";
		};
		0AF314672ACDAE7900BD4081 /* YouTubeFeedClone */ = {
			isa = PBXGroup;
			children = (
				0AF314AD2ACDB28B00BD4081 /* Utilities */,
				0AF314AE2ACDB29400BD4081 /* App */,
				0AF314682ACDAE7900BD4081 /* AppDelegate.swift */,
				0AF3146A2ACDAE7900BD4081 /* SceneDelegate.swift */,
				0AF314712ACDAE7C00BD4081 /* Assets.xcassets */,
				0AF314732ACDAE7C00BD4081 /* LaunchScreen.storyboard */,
				0AF314762ACDAE7C00BD4081 /* Info.plist */,
			);
			path = YouTubeFeedClone;
			sourceTree = "<group>";
		};
		0AF3147E2ACDAE7C00BD4081 /* YouTubeFeedCloneTests */ = {
			isa = PBXGroup;
			children = (
				0AF3147F2ACDAE7C00BD4081 /* YouTubeFeedCloneTests.swift */,
			);
			path = YouTubeFeedCloneTests;
			sourceTree = "<group>";
		};
		0AF314882ACDAE7C00BD4081 /* YouTubeFeedCloneUITests */ = {
			isa = PBXGroup;
			children = (
				0AF314892ACDAE7C00BD4081 /* YouTubeFeedCloneUITests.swift */,
				0AF3148B2ACDAE7C00BD4081 /* YouTubeFeedCloneUITestsLaunchTests.swift */,
			);
			path = YouTubeFeedCloneUITests;
			sourceTree = "<group>";
		};
		0AF314AB2ACDB22000BD4081 /* Coordinator */ = {
			isa = PBXGroup;
			children = (
				0AF314B12ACDB2BF00BD4081 /* Core */,
				0AF314B22ACDB2C200BD4081 /* StateCoordinator */,
			);
			path = Coordinator;
			sourceTree = "<group>";
		};
		0AF314AD2ACDB28B00BD4081 /* Utilities */ = {
			isa = PBXGroup;
			children = (
				0AF314D82ACDB61500BD4081 /* Extensions */,
				0AF314C32ACDB3E900BD4081 /* Services */,
				0AF314AB2ACDB22000BD4081 /* Coordinator */,
			);
			path = Utilities;
			sourceTree = "<group>";
		};
		0AF314AE2ACDB29400BD4081 /* App */ = {
			isa = PBXGroup;
			children = (
				0AF314C92ACDB58F00BD4081 /* DNA */,
				0AF314C62ACDB56B00BD4081 /* Containers */,
				0AF314BB2ACDB2ED00BD4081 /* FullScreen */,
			);
			path = App;
			sourceTree = "<group>";
		};
		0AF314B12ACDB2BF00BD4081 /* Core */ = {
			isa = PBXGroup;
			children = (
				0AF314B32ACDB2D100BD4081 /* ApplicationCoordinator.swift */,
				0AF314B42ACDB2D100BD4081 /* Coordinator.swift */,
			);
			path = Core;
			sourceTree = "<group>";
		};
		0AF314B22ACDB2C200BD4081 /* StateCoordinator */ = {
			isa = PBXGroup;
			children = (
				0AF314B72ACDB2D800BD4081 /* StateCoordinator.swift */,
				0AF314B82ACDB2D900BD4081 /* InAppCoordinator.swift */,
			);
			path = StateCoordinator;
			sourceTree = "<group>";
		};
		0AF314BB2ACDB2ED00BD4081 /* FullScreen */ = {
			isa = PBXGroup;
			children = (
				0AF314CF2ACDB5E700BD4081 /* Error */,
				0AF314CE2ACDB5E400BD4081 /* Loading */,
				0AF314BC2ACDB2F200BD4081 /* Feed */,
			);
			path = FullScreen;
			sourceTree = "<group>";
		};
		0AF314BC2ACDB2F200BD4081 /* Feed */ = {
			isa = PBXGroup;
			children = (
				0AF314BE2ACDB30700BD4081 /* YouTubeFeedViewController.swift */,
				0AF314C12ACDB31A00BD4081 /* YouTubeFeedViewModel.swift */,
				0AF314E72ACDBA1100BD4081 /* YouTubeFeedContentViewController.swift */,
			);
			path = Feed;
			sourceTree = "<group>";
		};
		0AF314C32ACDB3E900BD4081 /* Services */ = {
			isa = PBXGroup;
			children = (
				0AF314C42ACDB3F400BD4081 /* APIService.swift */,
			);
			path = Services;
			sourceTree = "<group>";
		};
		0AF314C62ACDB56B00BD4081 /* Containers */ = {
			isa = PBXGroup;
			children = (
				0AF314C72ACDB58100BD4081 /* ContentStateViewController.swift */,
			);
			path = Containers;
			sourceTree = "<group>";
		};
		0AF314C92ACDB58F00BD4081 /* DNA */ = {
			isa = PBXGroup;
			children = (
				0AF314CB2ACDB59C00BD4081 /* Colors.swift */,
				0AF314CA2ACDB59C00BD4081 /* YouTubeCloneError.swift */,
			);
			path = DNA;
			sourceTree = "<group>";
		};
		0AF314CE2ACDB5E400BD4081 /* Loading */ = {
			isa = PBXGroup;
			children = (
				0AF314D12ACDB5F400BD4081 /* LoadingView.swift */,
				0AF314D02ACDB5F400BD4081 /* LoadingViewController.swift */,
			);
			path = Loading;
			sourceTree = "<group>";
		};
		0AF314CF2ACDB5E700BD4081 /* Error */ = {
			isa = PBXGroup;
			children = (
				0AF314D42ACDB60200BD4081 /* ErrorView.swift */,
				0AF314D52ACDB60200BD4081 /* ErrorViewController.swift */,
			);
			path = Error;
			sourceTree = "<group>";
		};
		0AF314D82ACDB61500BD4081 /* Extensions */ = {
			isa = PBXGroup;
			children = (
				0AF314DF2ACDB63500BD4081 /* Array+Extensions.swift */,
				0AF314DB2ACDB63500BD4081 /* FileManager+Extensions.swift */,
				0AF314D92ACDB63500BD4081 /* String+Extensions.swift */,
				0AF314DD2ACDB63500BD4081 /* UIApplication+Extensions.swift */,
				0AF314DA2ACDB63500BD4081 /* UIView+Extensions.swift */,
				0AF314DC2ACDB63500BD4081 /* UIViewController+Extensions.swift */,
			);
			path = Extensions;
			sourceTree = "<group>";
		};
/* End PBXGroup section */

/* Begin PBXNativeTarget section */
		0AF314642ACDAE7900BD4081 /* YouTubeFeedClone */ = {
			isa = PBXNativeTarget;
			buildConfigurationList = 0AF3148F2ACDAE7C00BD4081 /* Build configuration list for PBXNativeTarget "YouTubeFeedClone" */;
			buildPhases = (
				0AF314612ACDAE7900BD4081 /* Sources */,
				0AF314622ACDAE7900BD4081 /* Frameworks */,
				0AF314632ACDAE7900BD4081 /* Resources */,
			);
			buildRules = (
			);
			dependencies = (
			);
			name = YouTubeFeedClone;
			productName = YouTubeFeedClone;
			productReference = 0AF314652ACDAE7900BD4081 /* YouTubeFeedClone.app */;
			productType = "com.apple.product-type.application";
		};
		0AF3147A2ACDAE7C00BD4081 /* YouTubeFeedCloneTests */ = {
			isa = PBXNativeTarget;
			buildConfigurationList = 0AF314922ACDAE7C00BD4081 /* Build configuration list for PBXNativeTarget "YouTubeFeedCloneTests" */;
			buildPhases = (
				0AF314772ACDAE7C00BD4081 /* Sources */,
				0AF314782ACDAE7C00BD4081 /* Frameworks */,
				0AF314792ACDAE7C00BD4081 /* Resources */,
			);
			buildRules = (
			);
			dependencies = (
				0AF3147D2ACDAE7C00BD4081 /* PBXTargetDependency */,
			);
			name = YouTubeFeedCloneTests;
			productName = YouTubeFeedCloneTests;
			productReference = 0AF3147B2ACDAE7C00BD4081 /* YouTubeFeedCloneTests.xctest */;
			productType = "com.apple.product-type.bundle.unit-test";
		};
		0AF314842ACDAE7C00BD4081 /* YouTubeFeedCloneUITests */ = {
			isa = PBXNativeTarget;
			buildConfigurationList = 0AF314952ACDAE7C00BD4081 /* Build configuration list for PBXNativeTarget "YouTubeFeedCloneUITests" */;
			buildPhases = (
				0AF314812ACDAE7C00BD4081 /* Sources */,
				0AF314822ACDAE7C00BD4081 /* Frameworks */,
				0AF314832ACDAE7C00BD4081 /* Resources */,
			);
			buildRules = (
			);
			dependencies = (
				0AF314872ACDAE7C00BD4081 /* PBXTargetDependency */,
			);
			name = YouTubeFeedCloneUITests;
			productName = YouTubeFeedCloneUITests;
			productReference = 0AF314852ACDAE7C00BD4081 /* YouTubeFeedCloneUITests.xctest */;
			productType = "com.apple.product-type.bundle.ui-testing";
		};
/* End PBXNativeTarget section */

/* Begin PBXProject section */
		0AF3145D2ACDAE7900BD4081 /* Project object */ = {
			isa = PBXProject;
			attributes = {
				BuildIndependentTargetsInParallel = 1;
				LastSwiftUpdateCheck = 1420;
				LastUpgradeCheck = 1420;
				TargetAttributes = {
					0AF314642ACDAE7900BD4081 = {
						CreatedOnToolsVersion = 14.2;
					};
					0AF3147A2ACDAE7C00BD4081 = {
						CreatedOnToolsVersion = 14.2;
						TestTargetID = 0AF314642ACDAE7900BD4081;
					};
					0AF314842ACDAE7C00BD4081 = {
						CreatedOnToolsVersion = 14.2;
						TestTargetID = 0AF314642ACDAE7900BD4081;
					};
				};
			};
			buildConfigurationList = 0AF314602ACDAE7900BD4081 /* Build configuration list for PBXProject "YouTubeFeedClone" */;
			compatibilityVersion = "Xcode 14.0";
			developmentRegion = en;
			hasScannedForEncodings = 0;
			knownRegions = (
				en,
				Base,
			);
			mainGroup = 0AF3145C2ACDAE7900BD4081;
			productRefGroup = 0AF314662ACDAE7900BD4081 /* Products */;
			projectDirPath = "";
			projectRoot = "";
			targets = (
				0AF314642ACDAE7900BD4081 /* YouTubeFeedClone */,
				0AF3147A2ACDAE7C00BD4081 /* YouTubeFeedCloneTests */,
				0AF314842ACDAE7C00BD4081 /* YouTubeFeedCloneUITests */,
			);
		};
/* End PBXProject section */

/* Begin PBXResourcesBuildPhase section */
		0AF314632ACDAE7900BD4081 /* Resources */ = {
			isa = PBXResourcesBuildPhase;
			buildActionMask = 2147483647;
			files = (
				0AF314752ACDAE7C00BD4081 /* LaunchScreen.storyboard in Resources */,
				0AF314722ACDAE7C00BD4081 /* Assets.xcassets in Resources */,
			);
			runOnlyForDeploymentPostprocessing = 0;
		};
		0AF314792ACDAE7C00BD4081 /* Resources */ = {
			isa = PBXResourcesBuildPhase;
			buildActionMask = 2147483647;
			files = (
			);
			runOnlyForDeploymentPostprocessing = 0;
		};
		0AF314832ACDAE7C00BD4081 /* Resources */ = {
			isa = PBXResourcesBuildPhase;
			buildActionMask = 2147483647;
			files = (
			);
			runOnlyForDeploymentPostprocessing = 0;
		};
/* End PBXResourcesBuildPhase section */

/* Begin PBXSourcesBuildPhase section */
		0AF314612ACDAE7900BD4081 /* Sources */ = {
			isa = PBXSourcesBuildPhase;
			buildActionMask = 2147483647;
			files = (
				0AF314B62ACDB2D100BD4081 /* Coordinator.swift in Sources */,
				0AF314CD2ACDB59C00BD4081 /* Colors.swift in Sources */,
				0AF314CC2ACDB59C00BD4081 /* YouTubeCloneError.swift in Sources */,
				0AF314692ACDAE7900BD4081 /* AppDelegate.swift in Sources */,
				0AF314E22ACDB63500BD4081 /* FileManager+Extensions.swift in Sources */,
				0AF314C22ACDB31A00BD4081 /* YouTubeFeedViewModel.swift in Sources */,
				0AF314D32ACDB5F400BD4081 /* LoadingView.swift in Sources */,
				0AF314BF2ACDB30700BD4081 /* YouTubeFeedViewController.swift in Sources */,
				0AF3146B2ACDAE7900BD4081 /* SceneDelegate.swift in Sources */,
				0AF314B52ACDB2D100BD4081 /* ApplicationCoordinator.swift in Sources */,
				0AF314B92ACDB2D900BD4081 /* StateCoordinator.swift in Sources */,
				0AF314D62ACDB60200BD4081 /* ErrorView.swift in Sources */,
				0AF314E32ACDB63500BD4081 /* UIViewController+Extensions.swift in Sources */,
				0AF314C52ACDB3F400BD4081 /* APIService.swift in Sources */,
				0AF314E42ACDB63500BD4081 /* UIApplication+Extensions.swift in Sources */,
				0AF314E12ACDB63500BD4081 /* UIView+Extensions.swift in Sources */,
				0AF314E62ACDB63500BD4081 /* Array+Extensions.swift in Sources */,
				0AF314E02ACDB63500BD4081 /* String+Extensions.swift in Sources */,
				0AF314C82ACDB58100BD4081 /* ContentStateViewController.swift in Sources */,
				0AF314D72ACDB60200BD4081 /* ErrorViewController.swift in Sources */,
				0AF314D22ACDB5F400BD4081 /* LoadingViewController.swift in Sources */,
				0AF314BA2ACDB2D900BD4081 /* InAppCoordinator.swift in Sources */,
				0AF314E82ACDBA1100BD4081 /* YouTubeFeedContentViewController.swift in Sources */,
			);
			runOnlyForDeploymentPostprocessing = 0;
		};
		0AF314772ACDAE7C00BD4081 /* Sources */ = {
			isa = PBXSourcesBuildPhase;
			buildActionMask = 2147483647;
			files = (
				0AF314802ACDAE7C00BD4081 /* YouTubeFeedCloneTests.swift in Sources */,
			);
			runOnlyForDeploymentPostprocessing = 0;
		};
		0AF314812ACDAE7C00BD4081 /* Sources */ = {
			isa = PBXSourcesBuildPhase;
			buildActionMask = 2147483647;
			files = (
				0AF3148C2ACDAE7C00BD4081 /* YouTubeFeedCloneUITestsLaunchTests.swift in Sources */,
				0AF3148A2ACDAE7C00BD4081 /* YouTubeFeedCloneUITests.swift in Sources */,
			);
			runOnlyForDeploymentPostprocessing = 0;
		};
/* End PBXSourcesBuildPhase section */

/* Begin PBXTargetDependency section */
		0AF3147D2ACDAE7C00BD4081 /* PBXTargetDependency */ = {
			isa = PBXTargetDependency;
			target = 0AF314642ACDAE7900BD4081 /* YouTubeFeedClone */;
			targetProxy = 0AF3147C2ACDAE7C00BD4081 /* PBXContainerItemProxy */;
		};
		0AF314872ACDAE7C00BD4081 /* PBXTargetDependency */ = {
			isa = PBXTargetDependency;
			target = 0AF314642ACDAE7900BD4081 /* YouTubeFeedClone */;
			targetProxy = 0AF314862ACDAE7C00BD4081 /* PBXContainerItemProxy */;
		};
/* End PBXTargetDependency section */

/* Begin PBXVariantGroup section */
		0AF314732ACDAE7C00BD4081 /* LaunchScreen.storyboard */ = {
			isa = PBXVariantGroup;
			children = (
				0AF314742ACDAE7C00BD4081 /* Base */,
			);
			name = LaunchScreen.storyboard;
			sourceTree = "<group>";
		};
/* End PBXVariantGroup section */

/* Begin XCBuildConfiguration section */
		0AF3148D2ACDAE7C00BD4081 /* Debug */ = {
			isa = XCBuildConfiguration;
			buildSettings = {
				ALWAYS_SEARCH_USER_PATHS = NO;
				CLANG_ANALYZER_NONNULL = YES;
				CLANG_ANALYZER_NUMBER_OBJECT_CONVERSION = YES_AGGRESSIVE;
				CLANG_CXX_LANGUAGE_STANDARD = "gnu++20";
				CLANG_ENABLE_MODULES = YES;
				CLANG_ENABLE_OBJC_ARC = YES;
				CLANG_ENABLE_OBJC_WEAK = YES;
				CLANG_WARN_BLOCK_CAPTURE_AUTORELEASING = YES;
				CLANG_WARN_BOOL_CONVERSION = YES;
				CLANG_WARN_COMMA = YES;
				CLANG_WARN_CONSTANT_CONVERSION = YES;
				CLANG_WARN_DEPRECATED_OBJC_IMPLEMENTATIONS = YES;
				CLANG_WARN_DIRECT_OBJC_ISA_USAGE = YES_ERROR;
				CLANG_WARN_DOCUMENTATION_COMMENTS = YES;
				CLANG_WARN_EMPTY_BODY = YES;
				CLANG_WARN_ENUM_CONVERSION = YES;
				CLANG_WARN_INFINITE_RECURSION = YES;
				CLANG_WARN_INT_CONVERSION = YES;
				CLANG_WARN_NON_LITERAL_NULL_CONVERSION = YES;
				CLANG_WARN_OBJC_IMPLICIT_RETAIN_SELF = YES;
				CLANG_WARN_OBJC_LITERAL_CONVERSION = YES;
				CLANG_WARN_OBJC_ROOT_CLASS = YES_ERROR;
				CLANG_WARN_QUOTED_INCLUDE_IN_FRAMEWORK_HEADER = YES;
				CLANG_WARN_RANGE_LOOP_ANALYSIS = YES;
				CLANG_WARN_STRICT_PROTOTYPES = YES;
				CLANG_WARN_SUSPICIOUS_MOVE = YES;
				CLANG_WARN_UNGUARDED_AVAILABILITY = YES_AGGRESSIVE;
				CLANG_WARN_UNREACHABLE_CODE = YES;
				CLANG_WARN__DUPLICATE_METHOD_MATCH = YES;
				COPY_PHASE_STRIP = NO;
				DEBUG_INFORMATION_FORMAT = dwarf;
				ENABLE_STRICT_OBJC_MSGSEND = YES;
				ENABLE_TESTABILITY = YES;
				GCC_C_LANGUAGE_STANDARD = gnu11;
				GCC_DYNAMIC_NO_PIC = NO;
				GCC_NO_COMMON_BLOCKS = YES;
				GCC_OPTIMIZATION_LEVEL = 0;
				GCC_PREPROCESSOR_DEFINITIONS = (
					"DEBUG=1",
					"$(inherited)",
				);
				GCC_WARN_64_TO_32_BIT_CONVERSION = YES;
				GCC_WARN_ABOUT_RETURN_TYPE = YES_ERROR;
				GCC_WARN_UNDECLARED_SELECTOR = YES;
				GCC_WARN_UNINITIALIZED_AUTOS = YES_AGGRESSIVE;
				GCC_WARN_UNUSED_FUNCTION = YES;
				GCC_WARN_UNUSED_VARIABLE = YES;
				IPHONEOS_DEPLOYMENT_TARGET = 16.0;
				MTL_ENABLE_DEBUG_INFO = INCLUDE_SOURCE;
				MTL_FAST_MATH = YES;
				ONLY_ACTIVE_ARCH = YES;
				SDKROOT = iphoneos;
				SWIFT_ACTIVE_COMPILATION_CONDITIONS = DEBUG;
				SWIFT_OPTIMIZATION_LEVEL = "-Onone";
			};
			name = Debug;
		};
		0AF3148E2ACDAE7C00BD4081 /* Release */ = {
			isa = XCBuildConfiguration;
			buildSettings = {
				ALWAYS_SEARCH_USER_PATHS = NO;
				CLANG_ANALYZER_NONNULL = YES;
				CLANG_ANALYZER_NUMBER_OBJECT_CONVERSION = YES_AGGRESSIVE;
				CLANG_CXX_LANGUAGE_STANDARD = "gnu++20";
				CLANG_ENABLE_MODULES = YES;
				CLANG_ENABLE_OBJC_ARC = YES;
				CLANG_ENABLE_OBJC_WEAK = YES;
				CLANG_WARN_BLOCK_CAPTURE_AUTORELEASING = YES;
				CLANG_WARN_BOOL_CONVERSION = YES;
				CLANG_WARN_COMMA = YES;
				CLANG_WARN_CONSTANT_CONVERSION = YES;
				CLANG_WARN_DEPRECATED_OBJC_IMPLEMENTATIONS = YES;
				CLANG_WARN_DIRECT_OBJC_ISA_USAGE = YES_ERROR;
				CLANG_WARN_DOCUMENTATION_COMMENTS = YES;
				CLANG_WARN_EMPTY_BODY = YES;
				CLANG_WARN_ENUM_CONVERSION = YES;
				CLANG_WARN_INFINITE_RECURSION = YES;
				CLANG_WARN_INT_CONVERSION = YES;
				CLANG_WARN_NON_LITERAL_NULL_CONVERSION = YES;
				CLANG_WARN_OBJC_IMPLICIT_RETAIN_SELF = YES;
				CLANG_WARN_OBJC_LITERAL_CONVERSION = YES;
				CLANG_WARN_OBJC_ROOT_CLASS = YES_ERROR;
				CLANG_WARN_QUOTED_INCLUDE_IN_FRAMEWORK_HEADER = YES;
				CLANG_WARN_RANGE_LOOP_ANALYSIS = YES;
				CLANG_WARN_STRICT_PROTOTYPES = YES;
				CLANG_WARN_SUSPICIOUS_MOVE = YES;
				CLANG_WARN_UNGUARDED_AVAILABILITY = YES_AGGRESSIVE;
				CLANG_WARN_UNREACHABLE_CODE = YES;
				CLANG_WARN__DUPLICATE_METHOD_MATCH = YES;
				COPY_PHASE_STRIP = NO;
				DEBUG_INFORMATION_FORMAT = "dwarf-with-dsym";
				ENABLE_NS_ASSERTIONS = NO;
				ENABLE_STRICT_OBJC_MSGSEND = YES;
				GCC_C_LANGUAGE_STANDARD = gnu11;
				GCC_NO_COMMON_BLOCKS = YES;
				GCC_WARN_64_TO_32_BIT_CONVERSION = YES;
				GCC_WARN_ABOUT_RETURN_TYPE = YES_ERROR;
				GCC_WARN_UNDECLARED_SELECTOR = YES;
				GCC_WARN_UNINITIALIZED_AUTOS = YES_AGGRESSIVE;
				GCC_WARN_UNUSED_FUNCTION = YES;
				GCC_WARN_UNUSED_VARIABLE = YES;
				IPHONEOS_DEPLOYMENT_TARGET = 16.0;
				MTL_ENABLE_DEBUG_INFO = NO;
				MTL_FAST_MATH = YES;
				SDKROOT = iphoneos;
				SWIFT_COMPILATION_MODE = wholemodule;
				SWIFT_OPTIMIZATION_LEVEL = "-O";
				VALIDATE_PRODUCT = YES;
			};
			name = Release;
		};
		0AF314902ACDAE7C00BD4081 /* Debug */ = {
			isa = XCBuildConfiguration;
			buildSettings = {
				ASSETCATALOG_COMPILER_APPICON_NAME = AppIcon;
				ASSETCATALOG_COMPILER_GLOBAL_ACCENT_COLOR_NAME = AccentColor;
				CODE_SIGN_STYLE = Automatic;
				CURRENT_PROJECT_VERSION = 1;
				DEVELOPMENT_TEAM = N5PPJ3G439;
				GENERATE_INFOPLIST_FILE = YES;
				INFOPLIST_FILE = YouTubeFeedClone/Info.plist;
				INFOPLIST_KEY_UIApplicationSupportsIndirectInputEvents = YES;
				INFOPLIST_KEY_UILaunchStoryboardName = LaunchScreen;
				INFOPLIST_KEY_UISupportedInterfaceOrientations_iPad = "UIInterfaceOrientationPortrait UIInterfaceOrientationPortraitUpsideDown UIInterfaceOrientationLandscapeLeft UIInterfaceOrientationLandscapeRight";
				INFOPLIST_KEY_UISupportedInterfaceOrientations_iPhone = "UIInterfaceOrientationPortrait UIInterfaceOrientationLandscapeLeft UIInterfaceOrientationLandscapeRight";
				IPHONEOS_DEPLOYMENT_TARGET = 16.0;
				LD_RUNPATH_SEARCH_PATHS = (
					"$(inherited)",
					"@executable_path/Frameworks",
				);
				MARKETING_VERSION = 1.0;
				PRODUCT_BUNDLE_IDENTIFIER = com.Thel.YouTubeFeedClone;
				PRODUCT_NAME = "$(TARGET_NAME)";
				SUPPORTED_PLATFORMS = "iphoneos iphonesimulator";
				SUPPORTS_MACCATALYST = NO;
				SUPPORTS_MAC_DESIGNED_FOR_IPHONE_IPAD = NO;
				SWIFT_EMIT_LOC_STRINGS = YES;
				SWIFT_VERSION = 5.0;
				TARGETED_DEVICE_FAMILY = 1;
			};
			name = Debug;
		};
		0AF314912ACDAE7C00BD4081 /* Release */ = {
			isa = XCBuildConfiguration;
			buildSettings = {
				ASSETCATALOG_COMPILER_APPICON_NAME = AppIcon;
				ASSETCATALOG_COMPILER_GLOBAL_ACCENT_COLOR_NAME = AccentColor;
				CODE_SIGN_STYLE = Automatic;
				CURRENT_PROJECT_VERSION = 1;
				DEVELOPMENT_TEAM = N5PPJ3G439;
				GENERATE_INFOPLIST_FILE = YES;
				INFOPLIST_FILE = YouTubeFeedClone/Info.plist;
				INFOPLIST_KEY_UIApplicationSupportsIndirectInputEvents = YES;
				INFOPLIST_KEY_UILaunchStoryboardName = LaunchScreen;
				INFOPLIST_KEY_UISupportedInterfaceOrientations_iPad = "UIInterfaceOrientationPortrait UIInterfaceOrientationPortraitUpsideDown UIInterfaceOrientationLandscapeLeft UIInterfaceOrientationLandscapeRight";
				INFOPLIST_KEY_UISupportedInterfaceOrientations_iPhone = "UIInterfaceOrientationPortrait UIInterfaceOrientationLandscapeLeft UIInterfaceOrientationLandscapeRight";
				IPHONEOS_DEPLOYMENT_TARGET = 16.0;
				LD_RUNPATH_SEARCH_PATHS = (
					"$(inherited)",
					"@executable_path/Frameworks",
				);
				MARKETING_VERSION = 1.0;
				PRODUCT_BUNDLE_IDENTIFIER = com.Thel.YouTubeFeedClone;
				PRODUCT_NAME = "$(TARGET_NAME)";
				SUPPORTED_PLATFORMS = "iphoneos iphonesimulator";
				SUPPORTS_MACCATALYST = NO;
				SUPPORTS_MAC_DESIGNED_FOR_IPHONE_IPAD = NO;
				SWIFT_EMIT_LOC_STRINGS = YES;
				SWIFT_VERSION = 5.0;
				TARGETED_DEVICE_FAMILY = 1;
			};
			name = Release;
		};
		0AF314932ACDAE7C00BD4081 /* Debug */ = {
			isa = XCBuildConfiguration;
			buildSettings = {
				ALWAYS_EMBED_SWIFT_STANDARD_LIBRARIES = YES;
				BUNDLE_LOADER = "$(TEST_HOST)";
				CODE_SIGN_STYLE = Automatic;
				CURRENT_PROJECT_VERSION = 1;
				DEVELOPMENT_TEAM = N5PPJ3G439;
				GENERATE_INFOPLIST_FILE = YES;
				IPHONEOS_DEPLOYMENT_TARGET = 16.0;
				MARKETING_VERSION = 1.0;
				PRODUCT_BUNDLE_IDENTIFIER = com.Thel.YouTubeFeedCloneTests;
				PRODUCT_NAME = "$(TARGET_NAME)";
				SUPPORTED_PLATFORMS = "iphoneos iphonesimulator";
				SUPPORTS_MACCATALYST = NO;
				SUPPORTS_MAC_DESIGNED_FOR_IPHONE_IPAD = NO;
				SWIFT_EMIT_LOC_STRINGS = NO;
				SWIFT_VERSION = 5.0;
				TARGETED_DEVICE_FAMILY = 1;
				TEST_HOST = "$(BUILT_PRODUCTS_DIR)/YouTubeFeedClone.app/$(BUNDLE_EXECUTABLE_FOLDER_PATH)/YouTubeFeedClone";
			};
			name = Debug;
		};
		0AF314942ACDAE7C00BD4081 /* Release */ = {
			isa = XCBuildConfiguration;
			buildSettings = {
				ALWAYS_EMBED_SWIFT_STANDARD_LIBRARIES = YES;
				BUNDLE_LOADER = "$(TEST_HOST)";
				CODE_SIGN_STYLE = Automatic;
				CURRENT_PROJECT_VERSION = 1;
				DEVELOPMENT_TEAM = N5PPJ3G439;
				GENERATE_INFOPLIST_FILE = YES;
				IPHONEOS_DEPLOYMENT_TARGET = 16.0;
				MARKETING_VERSION = 1.0;
				PRODUCT_BUNDLE_IDENTIFIER = com.Thel.YouTubeFeedCloneTests;
				PRODUCT_NAME = "$(TARGET_NAME)";
				SUPPORTED_PLATFORMS = "iphoneos iphonesimulator";
				SUPPORTS_MACCATALYST = NO;
				SUPPORTS_MAC_DESIGNED_FOR_IPHONE_IPAD = NO;
				SWIFT_EMIT_LOC_STRINGS = NO;
				SWIFT_VERSION = 5.0;
				TARGETED_DEVICE_FAMILY = 1;
				TEST_HOST = "$(BUILT_PRODUCTS_DIR)/YouTubeFeedClone.app/$(BUNDLE_EXECUTABLE_FOLDER_PATH)/YouTubeFeedClone";
			};
			name = Release;
		};
		0AF314962ACDAE7C00BD4081 /* Debug */ = {
			isa = XCBuildConfiguration;
			buildSettings = {
				ALWAYS_EMBED_SWIFT_STANDARD_LIBRARIES = YES;
				CODE_SIGN_STYLE = Automatic;
				CURRENT_PROJECT_VERSION = 1;
				DEVELOPMENT_TEAM = N5PPJ3G439;
				GENERATE_INFOPLIST_FILE = YES;
				MARKETING_VERSION = 1.0;
				PRODUCT_BUNDLE_IDENTIFIER = com.Thel.YouTubeFeedCloneUITests;
				PRODUCT_NAME = "$(TARGET_NAME)";
				SUPPORTED_PLATFORMS = "iphoneos iphonesimulator";
				SUPPORTS_MACCATALYST = NO;
				SUPPORTS_MAC_DESIGNED_FOR_IPHONE_IPAD = NO;
				SWIFT_EMIT_LOC_STRINGS = NO;
				SWIFT_VERSION = 5.0;
				TARGETED_DEVICE_FAMILY = 1;
				TEST_TARGET_NAME = YouTubeFeedClone;
			};
			name = Debug;
		};
		0AF314972ACDAE7C00BD4081 /* Release */ = {
			isa = XCBuildConfiguration;
			buildSettings = {
				ALWAYS_EMBED_SWIFT_STANDARD_LIBRARIES = YES;
				CODE_SIGN_STYLE = Automatic;
				CURRENT_PROJECT_VERSION = 1;
				DEVELOPMENT_TEAM = N5PPJ3G439;
				GENERATE_INFOPLIST_FILE = YES;
				MARKETING_VERSION = 1.0;
				PRODUCT_BUNDLE_IDENTIFIER = com.Thel.YouTubeFeedCloneUITests;
				PRODUCT_NAME = "$(TARGET_NAME)";
				SUPPORTED_PLATFORMS = "iphoneos iphonesimulator";
				SUPPORTS_MACCATALYST = NO;
				SUPPORTS_MAC_DESIGNED_FOR_IPHONE_IPAD = NO;
				SWIFT_EMIT_LOC_STRINGS = NO;
				SWIFT_VERSION = 5.0;
				TARGETED_DEVICE_FAMILY = 1;
				TEST_TARGET_NAME = YouTubeFeedClone;
			};
			name = Release;
		};
/* End XCBuildConfiguration section */

/* Begin XCConfigurationList section */
		0AF314602ACDAE7900BD4081 /* Build configuration list for PBXProject "YouTubeFeedClone" */ = {
			isa = XCConfigurationList;
			buildConfigurations = (
				0AF3148D2ACDAE7C00BD4081 /* Debug */,
				0AF3148E2ACDAE7C00BD4081 /* Release */,
			);
			defaultConfigurationIsVisible = 0;
			defaultConfigurationName = Release;
		};
		0AF3148F2ACDAE7C00BD4081 /* Build configuration list for PBXNativeTarget "YouTubeFeedClone" */ = {
			isa = XCConfigurationList;
			buildConfigurations = (
				0AF314902ACDAE7C00BD4081 /* Debug */,
				0AF314912ACDAE7C00BD4081 /* Release */,
			);
			defaultConfigurationIsVisible = 0;
			defaultConfigurationName = Release;
		};
		0AF314922ACDAE7C00BD4081 /* Build configuration list for PBXNativeTarget "YouTubeFeedCloneTests" */ = {
			isa = XCConfigurationList;
			buildConfigurations = (
				0AF314932ACDAE7C00BD4081 /* Debug */,
				0AF314942ACDAE7C00BD4081 /* Release */,
			);
			defaultConfigurationIsVisible = 0;
			defaultConfigurationName = Release;
		};
		0AF314952ACDAE7C00BD4081 /* Build configuration list for PBXNativeTarget "YouTubeFeedCloneUITests" */ = {
			isa = XCConfigurationList;
			buildConfigurations = (
				0AF314962ACDAE7C00BD4081 /* Debug */,
				0AF314972ACDAE7C00BD4081 /* Release */,
			);
			defaultConfigurationIsVisible = 0;
			defaultConfigurationName = Release;
		};
/* End XCConfigurationList section */
	};
	rootObject = 0AF3145D2ACDAE7900BD4081 /* Project object */;
}
